
Microsoft Visual Studio Solution File, Format Version 12.00
# Visual Studio Version 17
VisualStudioVersion = 17.9.34728.123
MinimumVisualStudioVersion = 10.0.40219.1
Project("{FAE04EC0-301F-11D3-BF4B-00C04F79EFBC}") = "Tabudada", "Tabudada\Tabudada.csproj", "{524AA6C1-A887-4186-8E45-B98A4496BF7B}"
EndProject
Global
	GlobalSection(SolutionConfigurationPlatforms) = preSolution
		Debug|Any CPU = Debug|Any CPU
		Release|Any CPU = Release|Any CPU
	EndGlobalSection
	GlobalSection(ProjectConfigurationPlatforms) = postSolution
		{524AA6C1-A887-4186-8E45-B98A4496BF7B}.Debug|Any CPU.ActiveCfg = Debug|Any CPU
		{524AA6C1-A887-4186-8E45-B98A4496BF7B}.Debug|Any CPU.Build.0 = Debug|Any CPU
		{524AA6C1-A887-4186-8E45-B98A4496BF7B}.Release|Any CPU.ActiveCfg = Release|Any CPU
		{524AA6C1-A887-4186-8E45-B98A4496BF7B}.Release|Any CPU.Build.0 = Release|Any CPU
	EndGlobalSection
	GlobalSection(SolutionProperties) = preSolution
		HideSolutionNode = FALSE
	EndGlobalSection
	GlobalSection(ExtensibilityGlobals) = postSolution
		SolutionGuid = {CD67DFAC-D44B-4642-838B-9AC46DBEF40F}
	EndGlobalSection
EndGlobal
